
Microsoft Visual Studio Solution File, Format Version 12.00
# Visual Studio 15
VisualStudioVersion = 15.0.27130.2024
MinimumVisualStudioVersion = 10.0.40219.1
Project("{9A19103F-16F7-4668-BE54-9A1E7A4F7556}") = "FCP.AspNetCore.Mvc", "src\FCP.AspNetCore.Mvc\FCP.AspNetCore.Mvc.csproj", "{0F7E1C98-52F2-4290-9D2D-E5BBB3C31B54}"
EndProject
Project("{9A19103F-16F7-4668-BE54-9A1E7A4F7556}") = "FCP.AspNetCore.Mvc.Formatters.Json", "src\FCP.AspNetCore.Mvc.Formatters.Json\FCP.AspNetCore.Mvc.Formatters.Json.csproj", "{D4CDBBD7-86CD-47BD-B540-CCAA402D0926}"
EndProject
Project("{FAE04EC0-301F-11D3-BF4B-00C04F79EFBC}") = "FCP.AspNetCore.Mvc.ApiExplorer", "src\FCP.AspNetCore.Mvc.ApiExplorer\FCP.AspNetCore.Mvc.ApiExplorer.csproj", "{8BF08392-AEDD-446E-9B5E-FC3CD7475C2F}"
EndProject
Global
	GlobalSection(SolutionConfigurationPlatforms) = preSolution
		Debug|Any CPU = Debug|Any CPU
		Release|Any CPU = Release|Any CPU
	EndGlobalSection
	GlobalSection(ProjectConfigurationPlatforms) = postSolution
		{0F7E1C98-52F2-4290-9D2D-E5BBB3C31B54}.Debug|Any CPU.ActiveCfg = Debug|Any CPU
		{0F7E1C98-52F2-4290-9D2D-E5BBB3C31B54}.Debug|Any CPU.Build.0 = Debug|Any CPU
		{0F7E1C98-52F2-4290-9D2D-E5BBB3C31B54}.Release|Any CPU.ActiveCfg = Release|Any CPU
		{0F7E1C98-52F2-4290-9D2D-E5BBB3C31B54}.Release|Any CPU.Build.0 = Release|Any CPU
		{D4CDBBD7-86CD-47BD-B540-CCAA402D0926}.Debug|Any CPU.ActiveCfg = Debug|Any CPU
		{D4CDBBD7-86CD-47BD-B540-CCAA402D0926}.Debug|Any CPU.Build.0 = Debug|Any CPU
		{D4CDBBD7-86CD-47BD-B540-CCAA402D0926}.Release|Any CPU.ActiveCfg = Release|Any CPU
		{D4CDBBD7-86CD-47BD-B540-CCAA402D0926}.Release|Any CPU.Build.0 = Release|Any CPU
		{8BF08392-AEDD-446E-9B5E-FC3CD7475C2F}.Debug|Any CPU.ActiveCfg = Debug|Any CPU
		{8BF08392-AEDD-446E-9B5E-FC3CD7475C2F}.Debug|Any CPU.Build.0 = Debug|Any CPU
		{8BF08392-AEDD-446E-9B5E-FC3CD7475C2F}.Release|Any CPU.ActiveCfg = Release|Any CPU
		{8BF08392-AEDD-446E-9B5E-FC3CD7475C2F}.Release|Any CPU.Build.0 = Release|Any CPU
	EndGlobalSection
	GlobalSection(SolutionProperties) = preSolution
		HideSolutionNode = FALSE
	EndGlobalSection
	GlobalSection(ExtensibilityGlobals) = postSolution
		SolutionGuid = {68355CDB-AC37-480D-9A5A-0181182E886B}
	EndGlobalSection
EndGlobal
